// !$*UTF8*$!
{
	archiveVersion = 1;
	classes = {
	};
	objectVersion = 77;
	objects = {

/* Begin PBXContainerItemProxy section */
		39E36E882E38B3D400A6924C /* PBXContainerItemProxy */ = {
			isa = PBXContainerItemProxy;
			containerPortal = 39E36E6F2E38B3D200A6924C /* Project object */;
			proxyType = 1;
			remoteGlobalIDString = 39E36E762E38B3D200A6924C;
			remoteInfo = PomodoroTechnique;
		};
		39E36E922E38B3D400A6924C /* PBXContainerItemProxy */ = {
			isa = PBXContainerItemProxy;
			containerPortal = 39E36E6F2E38B3D200A6924C /* Project object */;
			proxyType = 1;
			remoteGlobalIDString = 39E36E762E38B3D200A6924C;
			remoteInfo = PomodoroTechnique;
		};
/* End PBXContainerItemProxy section */

/* Begin PBXFileReference section */
		39E36E772E38B3D200A6924C /* PomodoroTechnique.app */ = {isa = PBXFileReference; explicitFileType = wrapper.application; includeInIndex = 0; path = PomodoroTechnique.app; sourceTree = BUILT_PRODUCTS_DIR; };
		39E36E872E38B3D400A6924C /* PomodoroTechniqueTests.xctest */ = {isa = PBXFileReference; explicitFileType = wrapper.cfbundle; includeInIndex = 0; path = PomodoroTechniqueTests.xctest; sourceTree = BUILT_PRODUCTS_DIR; };
		39E36E912E38B3D400A6924C /* PomodoroTechniqueUITests.xctest */ = {isa = PBXFileReference; explicitFileType = wrapper.cfbundle; includeInIndex = 0; path = PomodoroTechniqueUITests.xctest; sourceTree = BUILT_PRODUCTS_DIR; };
/* End PBXFileReference section */

/* Begin PBXFileSystemSynchronizedRootGroup section */
		39E36E792E38B3D200A6924C /* PomodoroTechnique */ = {
			isa = PBXFileSystemSynchronizedRootGroup;
			path = PomodoroTechnique;
			sourceTree = "<group>";
		};
		39E36E8A2E38B3D400A6924C /* PomodoroTechniqueTests */ = {
			isa = PBXFileSystemSynchronizedRootGroup;
			path = PomodoroTechniqueTests;
			sourceTree = "<group>";
		};
		39E36E942E38B3D400A6924C /* PomodoroTechniqueUITests */ = {
			isa = PBXFileSystemSynchronizedRootGroup;
			path = PomodoroTechniqueUITests;
			sourceTree = "<group>";
		};
/* End PBXFileSystemSynchronizedRootGroup section */

/* Begin PBXFrameworksBuildPhase section */
		39E36E742E38B3D200A6924C /* Frameworks */ = {
			isa = PBXFrameworksBuildPhase;
			buildActionMask = 2147483647;
			files = (
			);
			runOnlyForDeploymentPostprocessing = 0;
		};
		39E36E842E38B3D400A6924C /* Frameworks */ = {
			isa = PBXFrameworksBuildPhase;
			buildActionMask = 2147483647;
			files = (
			);
			runOnlyForDeploymentPostprocessing = 0;
		};
		39E36E8E2E38B3D400A6924C /* Frameworks */ = {
			isa = PBXFrameworksBuildPhase;
			buildActionMask = 2147483647;
			files = (
			);
			runOnlyForDeploymentPostprocessing = 0;
		};
/* End PBXFrameworksBuildPhase section */

/* Begin PBXGroup section */
		39E36E6E2E38B3D200A6924C = {
			isa = PBXGroup;
			children = (
				39E36E792E38B3D200A6924C /* PomodoroTechnique */,
				39E36E8A2E38B3D400A6924C /* PomodoroTechniqueTests */,
				39E36E942E38B3D400A6924C /* PomodoroTechniqueUITests */,
				39E36E782E38B3D200A6924C /* Products */,
			);
			sourceTree = "<group>";
		};
		39E36E782E38B3D200A6924C /* Products */ = {
			isa = PBXGroup;
			children = (
				39E36E772E38B3D200A6924C /* PomodoroTechnique.app */,
				39E36E872E38B3D400A6924C /* PomodoroTechniqueTests.xctest */,
				39E36E912E38B3D400A6924C /* PomodoroTechniqueUITests.xctest */,
			);
			name = Products;
			sourceTree = "<group>";
		};
/* End PBXGroup section */

/* Begin PBXNativeTarget section */
		39E36E762E38B3D200A6924C /* PomodoroTechnique */ = {
			isa = PBXNativeTarget;
			buildConfigurationList = 39E36E9B2E38B3D400A6924C /* Build configuration list for PBXNativeTarget "PomodoroTechnique" */;
			buildPhases = (
				39E36E732E38B3D200A6924C /* Sources */,
				39E36E742E38B3D200A6924C /* Frameworks */,
				39E36E752E38B3D200A6924C /* Resources */,
			);
			buildRules = (
			);
			dependencies = (
			);
			fileSystemSynchronizedGroups = (
				39E36E792E38B3D200A6924C /* PomodoroTechnique */,
			);
			name = PomodoroTechnique;
			packageProductDependencies = (
			);
			productName = PomodoroTechnique;
			productReference = 39E36E772E38B3D200A6924C /* PomodoroTechnique.app */;
			productType = "com.apple.product-type.application";
		};
		39E36E862E38B3D400A6924C /* PomodoroTechniqueTests */ = {
			isa = PBXNativeTarget;
			buildConfigurationList = 39E36E9E2E38B3D400A6924C /* Build configuration list for PBXNativeTarget "PomodoroTechniqueTests" */;
			buildPhases = (
				39E36E832E38B3D400A6924C /* Sources */,
				39E36E842E38B3D400A6924C /* Frameworks */,
				39E36E852E38B3D400A6924C /* Resources */,
			);
			buildRules = (
			);
			dependencies = (
				39E36E892E38B3D400A6924C /* PBXTargetDependency */,
			);
			fileSystemSynchronizedGroups = (
				39E36E8A2E38B3D400A6924C /* PomodoroTechniqueTests */,
			);
			name = PomodoroTechniqueTests;
			packageProductDependencies = (
			);
			productName = PomodoroTechniqueTests;
			productReference = 39E36E872E38B3D400A6924C /* PomodoroTechniqueTests.xctest */;
			productType = "com.apple.product-type.bundle.unit-test";
		};
		39E36E902E38B3D400A6924C /* PomodoroTechniqueUITests */ = {
			isa = PBXNativeTarget;
			buildConfigurationList = 39E36EA12E38B3D400A6924C /* Build configuration list for PBXNativeTarget "PomodoroTechniqueUITests" */;
			buildPhases = (
				39E36E8D2E38B3D400A6924C /* Sources */,
				39E36E8E2E38B3D400A6924C /* Frameworks */,
				39E36E8F2E38B3D400A6924C /* Resources */,
			);
			buildRules = (
			);
			dependencies = (
				39E36E932E38B3D400A6924C /* PBXTargetDependency */,
			);
			fileSystemSynchronizedGroups = (
				39E36E942E38B3D400A6924C /* PomodoroTechniqueUITests */,
			);
			name = PomodoroTechniqueUITests;
			packageProductDependencies = (
			);
			productName = PomodoroTechniqueUITests;
			productReference = 39E36E912E38B3D400A6924C /* PomodoroTechniqueUITests.xctest */;
			productType = "com.apple.product-type.bundle.ui-testing";
		};
/* End PBXNativeTarget section */

/* Begin PBXProject section */
		39E36E6F2E38B3D200A6924C /* Project object */ = {
			isa = PBXProject;
			attributes = {
				BuildIndependentTargetsInParallel = 1;
				LastSwiftUpdateCheck = 1620;
				LastUpgradeCheck = 1620;
				TargetAttributes = {
					39E36E762E38B3D200A6924C = {
						CreatedOnToolsVersion = 16.2;
					};
					39E36E862E38B3D400A6924C = {
						CreatedOnToolsVersion = 16.2;
						TestTargetID = 39E36E762E38B3D200A6924C;
					};
					39E36E902E38B3D400A6924C = {
						CreatedOnToolsVersion = 16.2;
						TestTargetID = 39E36E762E38B3D200A6924C;
					};
				};
			};
			buildConfigurationList = 39E36E722E38B3D200A6924C /* Build configuration list for PBXProject "PomodoroTechnique" */;
			developmentRegion = en;
			hasScannedForEncodings = 0;
			knownRegions = (
				en,
				Base,
			);
			mainGroup = 39E36E6E2E38B3D200A6924C;
			minimizedProjectReferenceProxies = 1;
			preferredProjectObjectVersion = 77;
			productRefGroup = 39E36E782E38B3D200A6924C /* Products */;
			projectDirPath = "";
			projectRoot = "";
			targets = (
				39E36E762E38B3D200A6924C /* PomodoroTechnique */,
				39E36E862E38B3D400A6924C /* PomodoroTechniqueTests */,
				39E36E902E38B3D400A6924C /* PomodoroTechniqueUITests */,
			);
		};
/* End PBXProject section */

/* Begin PBXResourcesBuildPhase section */
		39E36E752E38B3D200A6924C /* Resources */ = {
			isa = PBXResourcesBuildPhase;
			buildActionMask = 2147483647;
			files = (
			);
			runOnlyForDeploymentPostprocessing = 0;
		};
		39E36E852E38B3D400A6924C /* Resources */ = {
			isa = PBXResourcesBuildPhase;
			buildActionMask = 2147483647;
			files = (
			);
			runOnlyForDeploymentPostprocessing = 0;
		};
		39E36E8F2E38B3D400A6924C /* Resources */ = {
			isa = PBXResourcesBuildPhase;
			buildActionMask = 2147483647;
			files = (
			);
			runOnlyForDeploymentPostprocessing = 0;
		};
/* End PBXResourcesBuildPhase section */

/* Begin PBXSourcesBuildPhase section */
		39E36E732E38B3D200A6924C /* Sources */ = {
			isa = PBXSourcesBuildPhase;
			buildActionMask = 2147483647;
			files = (
			);
			runOnlyForDeploymentPostprocessing = 0;
		};
		39E36E832E38B3D400A6924C /* Sources */ = {
			isa = PBXSourcesBuildPhase;
			buildActionMask = 2147483647;
			files = (
			);
			runOnlyForDeploymentPostprocessing = 0;
		};
		39E36E8D2E38B3D400A6924C /* Sources */ = {
			isa = PBXSourcesBuildPhase;
			buildActionMask = 2147483647;
			files = (
			);
			runOnlyForDeploymentPostprocessing = 0;
		};
/* End PBXSourcesBuildPhase section */

/* Begin PBXTargetDependency section */
		39E36E892E38B3D400A6924C /* PBXTargetDependency */ = {
			isa = PBXTargetDependency;
			target = 39E36E762E38B3D200A6924C /* PomodoroTechnique */;
			targetProxy = 39E36E882E38B3D400A6924C /* PBXContainerItemProxy */;
		};
		39E36E932E38B3D400A6924C /* PBXTargetDependency */ = {
			isa = PBXTargetDependency;
			target = 39E36E762E38B3D200A6924C /* PomodoroTechnique */;
			targetProxy = 39E36E922E38B3D400A6924C /* PBXContainerItemProxy */;
		};
/* End PBXTargetDependency section */

/* Begin XCBuildConfiguration section */
		39E36E992E38B3D400A6924C /* Debug */ = {
			isa = XCBuildConfiguration;
			buildSettings = {
				ALWAYS_SEARCH_USER_PATHS = NO;
				ASSETCATALOG_COMPILER_GENERATE_SWIFT_ASSET_SYMBOL_EXTENSIONS = YES;
				CLANG_ANALYZER_NONNULL = YES;
				CLANG_ANALYZER_NUMBER_OBJECT_CONVERSION = YES_AGGRESSIVE;
				CLANG_CXX_LANGUAGE_STANDARD = "gnu++20";
				CLANG_ENABLE_MODULES = YES;
				CLANG_ENABLE_OBJC_ARC = YES;
				CLANG_ENABLE_OBJC_WEAK = YES;
				CLANG_WARN_BLOCK_CAPTURE_AUTORELEASING = YES;
				CLANG_WARN_BOOL_CONVERSION = YES;
				CLANG_WARN_COMMA = YES;
				CLANG_WARN_CONSTANT_CONVERSION = YES;
				CLANG_WARN_DEPRECATED_OBJC_IMPLEMENTATIONS = YES;
				CLANG_WARN_DIRECT_OBJC_ISA_USAGE = YES_ERROR;
				CLANG_WARN_DOCUMENTATION_COMMENTS = YES;
				CLANG_WARN_EMPTY_BODY = YES;
				CLANG_WARN_ENUM_CONVERSION = YES;
				CLANG_WARN_INFINITE_RECURSION = YES;
				CLANG_WARN_INT_CONVERSION = YES;
				CLANG_WARN_NON_LITERAL_NULL_CONVERSION = YES;
				CLANG_WARN_OBJC_IMPLICIT_RETAIN_SELF = YES;
				CLANG_WARN_OBJC_LITERAL_CONVERSION = YES;
				CLANG_WARN_OBJC_ROOT_CLASS = YES_ERROR;
				CLANG_WARN_QUOTED_INCLUDE_IN_FRAMEWORK_HEADER = YES;
				CLANG_WARN_RANGE_LOOP_ANALYSIS = YES;
				CLANG_WARN_STRICT_PROTOTYPES = YES;
				CLANG_WARN_SUSPICIOUS_MOVE = YES;
				CLANG_WARN_UNGUARDED_AVAILABILITY = YES_AGGRESSIVE;
				CLANG_WARN_UNREACHABLE_CODE = YES;
				CLANG_WARN__DUPLICATE_METHOD_MATCH = YES;
				COPY_PHASE_STRIP = NO;
				DEBUG_INFORMATION_FORMAT = dwarf;
				ENABLE_STRICT_OBJC_MSGSEND = YES;
				ENABLE_TESTABILITY = YES;
				ENABLE_USER_SCRIPT_SANDBOXING = YES;
				GCC_C_LANGUAGE_STANDARD = gnu17;
				GCC_DYNAMIC_NO_PIC = NO;
				GCC_NO_COMMON_BLOCKS = YES;
				GCC_OPTIMIZATION_LEVEL = 0;
				GCC_PREPROCESSOR_DEFINITIONS = (
					"DEBUG=1",
					"$(inherited)",
				);
				GCC_WARN_64_TO_32_BIT_CONVERSION = YES;
				GCC_WARN_ABOUT_RETURN_TYPE = YES_ERROR;
				GCC_WARN_UNDECLARED_SELECTOR = YES;
				GCC_WARN_UNINITIALIZED_AUTOS = YES_AGGRESSIVE;
				GCC_WARN_UNUSED_FUNCTION = YES;
				GCC_WARN_UNUSED_VARIABLE = YES;
				IPHONEOS_DEPLOYMENT_TARGET = 18.2;
				LOCALIZATION_PREFERS_STRING_CATALOGS = YES;
				MTL_ENABLE_DEBUG_INFO = INCLUDE_SOURCE;
				MTL_FAST_MATH = YES;
				ONLY_ACTIVE_ARCH = YES;
				SDKROOT = iphoneos;
				SWIFT_ACTIVE_COMPILATION_CONDITIONS = "DEBUG $(inherited)";
				SWIFT_OPTIMIZATION_LEVEL = "-Onone";
			};
			name = Debug;
		};
		39E36E9A2E38B3D400A6924C /* Release */ = {
			isa = XCBuildConfiguration;
			buildSettings = {
				ALWAYS_SEARCH_USER_PATHS = NO;
				ASSETCATALOG_COMPILER_GENERATE_SWIFT_ASSET_SYMBOL_EXTENSIONS = YES;
				CLANG_ANALYZER_NONNULL = YES;
				CLANG_ANALYZER_NUMBER_OBJECT_CONVERSION = YES_AGGRESSIVE;
				CLANG_CXX_LANGUAGE_STANDARD = "gnu++20";
				CLANG_ENABLE_MODULES = YES;
				CLANG_ENABLE_OBJC_ARC = YES;
				CLANG_ENABLE_OBJC_WEAK = YES;
				CLANG_WARN_BLOCK_CAPTURE_AUTORELEASING = YES;
				CLANG_WARN_BOOL_CONVERSION = YES;
				CLANG_WARN_COMMA = YES;
				CLANG_WARN_CONSTANT_CONVERSION = YES;
				CLANG_WARN_DEPRECATED_OBJC_IMPLEMENTATIONS = YES;
				CLANG_WARN_DIRECT_OBJC_ISA_USAGE = YES_ERROR;
				CLANG_WARN_DOCUMENTATION_COMMENTS = YES;
				CLANG_WARN_EMPTY_BODY = YES;
				CLANG_WARN_ENUM_CONVERSION = YES;
				CLANG_WARN_INFINITE_RECURSION = YES;
				CLANG_WARN_INT_CONVERSION = YES;
				CLANG_WARN_NON_LITERAL_NULL_CONVERSION = YES;
				CLANG_WARN_OBJC_IMPLICIT_RETAIN_SELF = YES;
				CLANG_WARN_OBJC_LITERAL_CONVERSION = YES;
				CLANG_WARN_OBJC_ROOT_CLASS = YES_ERROR;
				CLANG_WARN_QUOTED_INCLUDE_IN_FRAMEWORK_HEADER = YES;
				CLANG_WARN_RANGE_LOOP_ANALYSIS = YES;
				CLANG_WARN_STRICT_PROTOTYPES = YES;
				CLANG_WARN_SUSPICIOUS_MOVE = YES;
				CLANG_WARN_UNGUARDED_AVAILABILITY = YES_AGGRESSIVE;
				CLANG_WARN_UNREACHABLE_CODE = YES;
				CLANG_WARN__DUPLICATE_METHOD_MATCH = YES;
				COPY_PHASE_STRIP = NO;
				DEBUG_INFORMATION_FORMAT = "dwarf-with-dsym";
				ENABLE_NS_ASSERTIONS = NO;
				ENABLE_STRICT_OBJC_MSGSEND = YES;
				ENABLE_USER_SCRIPT_SANDBOXING = YES;
				GCC_C_LANGUAGE_STANDARD = gnu17;
				GCC_NO_COMMON_BLOCKS = YES;
				GCC_WARN_64_TO_32_BIT_CONVERSION = YES;
				GCC_WARN_ABOUT_RETURN_TYPE = YES_ERROR;
				GCC_WARN_UNDECLARED_SELECTOR = YES;
				GCC_WARN_UNINITIALIZED_AUTOS = YES_AGGRESSIVE;
				GCC_WARN_UNUSED_FUNCTION = YES;
				GCC_WARN_UNUSED_VARIABLE = YES;
				IPHONEOS_DEPLOYMENT_TARGET = 18.2;
				LOCALIZATION_PREFERS_STRING_CATALOGS = YES;
				MTL_ENABLE_DEBUG_INFO = NO;
				MTL_FAST_MATH = YES;
				SDKROOT = iphoneos;
				SWIFT_COMPILATION_MODE = wholemodule;
				VALIDATE_PRODUCT = YES;
			};
			name = Release;
		};
		39E36E9C2E38B3D400A6924C /* Debug */ = {
			isa = XCBuildConfiguration;
			buildSettings = {
				ASSETCATALOG_COMPILER_APPICON_NAME = AppIcon;
				ASSETCATALOG_COMPILER_GLOBAL_ACCENT_COLOR_NAME = AccentColor;
				CODE_SIGN_STYLE = Automatic;
				CURRENT_PROJECT_VERSION = 1;
				DEVELOPMENT_ASSET_PATHS = "\"PomodoroTechnique/Preview Content\"";
				ENABLE_PREVIEWS = YES;
				GENERATE_INFOPLIST_FILE = YES;
				INFOPLIST_KEY_UIApplicationSceneManifest_Generation = YES;
				INFOPLIST_KEY_UIApplicationSupportsIndirectInputEvents = YES;
				INFOPLIST_KEY_UILaunchScreen_Generation = YES;
				INFOPLIST_KEY_UISupportedInterfaceOrientations_iPad = "UIInterfaceOrientationPortrait UIInterfaceOrientationPortraitUpsideDown UIInterfaceOrientationLandscapeLeft UIInterfaceOrientationLandscapeRight";
				INFOPLIST_KEY_UISupportedInterfaceOrientations_iPhone = "UIInterfaceOrientationPortrait UIInterfaceOrientationLandscapeLeft UIInterfaceOrientationLandscapeRight";
				LD_RUNPATH_SEARCH_PATHS = (
					"$(inherited)",
					"@executable_path/Frameworks",
				);
				MARKETING_VERSION = 1.0;
				PRODUCT_BUNDLE_IDENTIFIER = XFW.PomodoroTechnique;
				PRODUCT_NAME = "$(TARGET_NAME)";
				SWIFT_EMIT_LOC_STRINGS = YES;
				SWIFT_VERSION = 5.0;
				TARGETED_DEVICE_FAMILY = "1,2";
			};
			name = Debug;
		};
		39E36E9D2E38B3D400A6924C /* Release */ = {
			isa = XCBuildConfiguration;
			buildSettings = {
				ASSETCATALOG_COMPILER_APPICON_NAME = AppIcon;
				ASSETCATALOG_COMPILER_GLOBAL_ACCENT_COLOR_NAME = AccentColor;
				CODE_SIGN_STYLE = Automatic;
				CURRENT_PROJECT_VERSION = 1;
				DEVELOPMENT_ASSET_PATHS = "\"PomodoroTechnique/Preview Content\"";
				ENABLE_PREVIEWS = YES;
				GENERATE_INFOPLIST_FILE = YES;
				INFOPLIST_KEY_UIApplicationSceneManifest_Generation = YES;
				INFOPLIST_KEY_UIApplicationSupportsIndirectInputEvents = YES;
				INFOPLIST_KEY_UILaunchScreen_Generation = YES;
				INFOPLIST_KEY_UISupportedInterfaceOrientations_iPad = "UIInterfaceOrientationPortrait UIInterfaceOrientationPortraitUpsideDown UIInterfaceOrientationLandscapeLeft UIInterfaceOrientationLandscapeRight";
				INFOPLIST_KEY_UISupportedInterfaceOrientations_iPhone = "UIInterfaceOrientationPortrait UIInterfaceOrientationLandscapeLeft UIInterfaceOrientationLandscapeRight";
				LD_RUNPATH_SEARCH_PATHS = (
					"$(inherited)",
					"@executable_path/Frameworks",
				);
				MARKETING_VERSION = 1.0;
				PRODUCT_BUNDLE_IDENTIFIER = XFW.PomodoroTechnique;
				PRODUCT_NAME = "$(TARGET_NAME)";
				SWIFT_EMIT_LOC_STRINGS = YES;
				SWIFT_VERSION = 5.0;
				TARGETED_DEVICE_FAMILY = "1,2";
			};
			name = Release;
		};
		39E36E9F2E38B3D400A6924C /* Debug */ = {
			isa = XCBuildConfiguration;
			buildSettings = {
				BUNDLE_LOADER = "$(TEST_HOST)";
				CODE_SIGN_STYLE = Automatic;
				CURRENT_PROJECT_VERSION = 1;
				GENERATE_INFOPLIST_FILE = YES;
				IPHONEOS_DEPLOYMENT_TARGET = 18.2;
				MARKETING_VERSION = 1.0;
				PRODUCT_BUNDLE_IDENTIFIER = XFW.PomodoroTechniqueTests;
				PRODUCT_NAME = "$(TARGET_NAME)";
				SWIFT_EMIT_LOC_STRINGS = NO;
				SWIFT_VERSION = 5.0;
				TARGETED_DEVICE_FAMILY = "1,2";
				TEST_HOST = "$(BUILT_PRODUCTS_DIR)/PomodoroTechnique.app/$(BUNDLE_EXECUTABLE_FOLDER_PATH)/PomodoroTechnique";
			};
			name = Debug;
		};
		39E36EA02E38B3D400A6924C /* Release */ = {
			isa = XCBuildConfiguration;
			buildSettings = {
				BUNDLE_LOADER = "$(TEST_HOST)";
				CODE_SIGN_STYLE = Automatic;
				CURRENT_PROJECT_VERSION = 1;
				GENERATE_INFOPLIST_FILE = YES;
				IPHONEOS_DEPLOYMENT_TARGET = 18.2;
				MARKETING_VERSION = 1.0;
				PRODUCT_BUNDLE_IDENTIFIER = XFW.PomodoroTechniqueTests;
				PRODUCT_NAME = "$(TARGET_NAME)";
				SWIFT_EMIT_LOC_STRINGS = NO;
				SWIFT_VERSION = 5.0;
				TARGETED_DEVICE_FAMILY = "1,2";
				TEST_HOST = "$(BUILT_PRODUCTS_DIR)/PomodoroTechnique.app/$(BUNDLE_EXECUTABLE_FOLDER_PATH)/PomodoroTechnique";
			};
			name = Release;
		};
		39E36EA22E38B3D400A6924C /* Debug */ = {
			isa = XCBuildConfiguration;
			buildSettings = {
				CODE_SIGN_STYLE = Automatic;
				CURRENT_PROJECT_VERSION = 1;
				GENERATE_INFOPLIST_FILE = YES;
				MARKETING_VERSION = 1.0;
				PRODUCT_BUNDLE_IDENTIFIER = XFW.PomodoroTechniqueUITests;
				PRODUCT_NAME = "$(TARGET_NAME)";
				SWIFT_EMIT_LOC_STRINGS = NO;
				SWIFT_VERSION = 5.0;
				TARGETED_DEVICE_FAMILY = "1,2";
				TEST_TARGET_NAME = PomodoroTechnique;
			};
			name = Debug;
		};
		39E36EA32E38B3D400A6924C /* Release */ = {
			isa = XCBuildConfiguration;
			buildSettings = {
				CODE_SIGN_STYLE = Automatic;
				CURRENT_PROJECT_VERSION = 1;
				GENERATE_INFOPLIST_FILE = YES;
				MARKETING_VERSION = 1.0;
				PRODUCT_BUNDLE_IDENTIFIER = XFW.PomodoroTechniqueUITests;
				PRODUCT_NAME = "$(TARGET_NAME)";
				SWIFT_EMIT_LOC_STRINGS = NO;
				SWIFT_VERSION = 5.0;
				TARGETED_DEVICE_FAMILY = "1,2";
				TEST_TARGET_NAME = PomodoroTechnique;
			};
			name = Release;
		};
/* End XCBuildConfiguration section */

/* Begin XCConfigurationList section */
		39E36E722E38B3D200A6924C /* Build configuration list for PBXProject "PomodoroTechnique" */ = {
			isa = XCConfigurationList;
			buildConfigurations = (
				39E36E992E38B3D400A6924C /* Debug */,
				39E36E9A2E38B3D400A6924C /* Release */,
			);
			defaultConfigurationIsVisible = 0;
			defaultConfigurationName = Release;
		};
		39E36E9B2E38B3D400A6924C /* Build configuration list for PBXNativeTarget "PomodoroTechnique" */ = {
			isa = XCConfigurationList;
			buildConfigurations = (
				39E36E9C2E38B3D400A6924C /* Debug */,
				39E36E9D2E38B3D400A6924C /* Release */,
			);
			defaultConfigurationIsVisible = 0;
			defaultConfigurationName = Release;
		};
		39E36E9E2E38B3D400A6924C /* Build configuration list for PBXNativeTarget "PomodoroTechniqueTests" */ = {
			isa = XCConfigurationList;
			buildConfigurations = (
				39E36E9F2E38B3D400A6924C /* Debug */,
				39E36EA02E38B3D400A6924C /* Release */,
			);
			defaultConfigurationIsVisible = 0;
			defaultConfigurationName = Release;
		};
		39E36EA12E38B3D400A6924C /* Build configuration list for PBXNativeTarget "PomodoroTechniqueUITests" */ = {
			isa = XCConfigurationList;
			buildConfigurations = (
				39E36EA22E38B3D400A6924C /* Debug */,
				39E36EA32E38B3D400A6924C /* Release */,
			);
			defaultConfigurationIsVisible = 0;
			defaultConfigurationName = Release;
		};
/* End XCConfigurationList section */
	};
	rootObject = 39E36E6F2E38B3D200A6924C /* Project object */;
}
